// !$*UTF8*$!
{
	archiveVersion = 1;
	classes = {
	};
	objectVersion = 50;
	objects = {

/* Begin PBXBuildFile section */
		043C5BE823A3968D005EA695 /* AppDelegate.swift in Sources */ = {isa = PBXBuildFile; fileRef = 043C5BE723A3968D005EA695 /* AppDelegate.swift */; };
		043C5BEA23A3968D005EA695 /* ViewController.swift in Sources */ = {isa = PBXBuildFile; fileRef = 043C5BE923A3968D005EA695 /* ViewController.swift */; };
		043C5BED23A3968D005EA695 /* Main.storyboard in Resources */ = {isa = PBXBuildFile; fileRef = 043C5BEB23A3968D005EA695 /* Main.storyboard */; };
		043C5BF023A3968D005EA695 /* TestAppForGit.xcdatamodeld in Sources */ = {isa = PBXBuildFile; fileRef = 043C5BEE23A3968D005EA695 /* TestAppForGit.xcdatamodeld */; };
		043C5BF223A3968F005EA695 /* Assets.xcassets in Resources */ = {isa = PBXBuildFile; fileRef = 043C5BF123A3968F005EA695 /* Assets.xcassets */; };
		043C5BF523A3968F005EA695 /* LaunchScreen.storyboard in Resources */ = {isa = PBXBuildFile; fileRef = 043C5BF323A3968F005EA695 /* LaunchScreen.storyboard */; };
		043C5C0023A3968F005EA695 /* TestAppForGitTests.swift in Sources */ = {isa = PBXBuildFile; fileRef = 043C5BFF23A3968F005EA695 /* TestAppForGitTests.swift */; };
		043C5C0B23A3968F005EA695 /* TestAppForGitUITests.swift in Sources */ = {isa = PBXBuildFile; fileRef = 043C5C0A23A3968F005EA695 /* TestAppForGitUITests.swift */; };
/* End PBXBuildFile section */

/* Begin PBXContainerItemProxy section */
		043C5BFC23A3968F005EA695 /* PBXContainerItemProxy */ = {
			isa = PBXContainerItemProxy;
			containerPortal = 043C5BDC23A3968D005EA695 /* Project object */;
			proxyType = 1;
			remoteGlobalIDString = 043C5BE323A3968D005EA695;
			remoteInfo = TestAppForGit;
		};
		043C5C0723A3968F005EA695 /* PBXContainerItemProxy */ = {
			isa = PBXContainerItemProxy;
			containerPortal = 043C5BDC23A3968D005EA695 /* Project object */;
			proxyType = 1;
			remoteGlobalIDString = 043C5BE323A3968D005EA695;
			remoteInfo = TestAppForGit;
		};
/* End PBXContainerItemProxy section */

/* Begin PBXFileReference section */
		043C5BE423A3968D005EA695 /* TestAppForGit.app */ = {isa = PBXFileReference; explicitFileType = wrapper.application; includeInIndex = 0; path = TestAppForGit.app; sourceTree = BUILT_PRODUCTS_DIR; };
		043C5BE723A3968D005EA695 /* AppDelegate.swift */ = {isa = PBXFileReference; lastKnownFileType = sourcecode.swift; path = AppDelegate.swift; sourceTree = "<group>"; };
		043C5BE923A3968D005EA695 /* ViewController.swift */ = {isa = PBXFileReference; lastKnownFileType = sourcecode.swift; path = ViewController.swift; sourceTree = "<group>"; };
		043C5BEC23A3968D005EA695 /* Base */ = {isa = PBXFileReference; lastKnownFileType = file.storyboard; name = Base; path = Base.lproj/Main.storyboard; sourceTree = "<group>"; };
		043C5BEF23A3968D005EA695 /* TestAppForGit.xcdatamodel */ = {isa = PBXFileReference; lastKnownFileType = wrapper.xcdatamodel; path = TestAppForGit.xcdatamodel; sourceTree = "<group>"; };
		043C5BF123A3968F005EA695 /* Assets.xcassets */ = {isa = PBXFileReference; lastKnownFileType = folder.assetcatalog; path = Assets.xcassets; sourceTree = "<group>"; };
		043C5BF423A3968F005EA695 /* Base */ = {isa = PBXFileReference; lastKnownFileType = file.storyboard; name = Base; path = Base.lproj/LaunchScreen.storyboard; sourceTree = "<group>"; };
		043C5BF623A3968F005EA695 /* Info.plist */ = {isa = PBXFileReference; lastKnownFileType = text.plist.xml; path = Info.plist; sourceTree = "<group>"; };
		043C5BFB23A3968F005EA695 /* TestAppForGitTests.xctest */ = {isa = PBXFileReference; explicitFileType = wrapper.cfbundle; includeInIndex = 0; path = TestAppForGitTests.xctest; sourceTree = BUILT_PRODUCTS_DIR; };
		043C5BFF23A3968F005EA695 /* TestAppForGitTests.swift */ = {isa = PBXFileReference; lastKnownFileType = sourcecode.swift; path = TestAppForGitTests.swift; sourceTree = "<group>"; };
		043C5C0123A3968F005EA695 /* Info.plist */ = {isa = PBXFileReference; lastKnownFileType = text.plist.xml; path = Info.plist; sourceTree = "<group>"; };
		043C5C0623A3968F005EA695 /* TestAppForGitUITests.xctest */ = {isa = PBXFileReference; explicitFileType = wrapper.cfbundle; includeInIndex = 0; path = TestAppForGitUITests.xctest; sourceTree = BUILT_PRODUCTS_DIR; };
		043C5C0A23A3968F005EA695 /* TestAppForGitUITests.swift */ = {isa = PBXFileReference; lastKnownFileType = sourcecode.swift; path = TestAppForGitUITests.swift; sourceTree = "<group>"; };
		043C5C0C23A3968F005EA695 /* Info.plist */ = {isa = PBXFileReference; lastKnownFileType = text.plist.xml; path = Info.plist; sourceTree = "<group>"; };
/* End PBXFileReference section */

/* Begin PBXFrameworksBuildPhase section */
		043C5BE123A3968D005EA695 /* Frameworks */ = {
			isa = PBXFrameworksBuildPhase;
			buildActionMask = 2147483647;
			files = (
			);
			runOnlyForDeploymentPostprocessing = 0;
		};
		043C5BF823A3968F005EA695 /* Frameworks */ = {
			isa = PBXFrameworksBuildPhase;
			buildActionMask = 2147483647;
			files = (
			);
			runOnlyForDeploymentPostprocessing = 0;
		};
		043C5C0323A3968F005EA695 /* Frameworks */ = {
			isa = PBXFrameworksBuildPhase;
			buildActionMask = 2147483647;
			files = (
			);
			runOnlyForDeploymentPostprocessing = 0;
		};
/* End PBXFrameworksBuildPhase section */

/* Begin PBXGroup section */
		043C5BDB23A3968D005EA695 = {
			isa = PBXGroup;
			children = (
				043C5BE623A3968D005EA695 /* TestAppForGit */,
				043C5BFE23A3968F005EA695 /* TestAppForGitTests */,
				043C5C0923A3968F005EA695 /* TestAppForGitUITests */,
				043C5BE523A3968D005EA695 /* Products */,
			);
			sourceTree = "<group>";
		};
		043C5BE523A3968D005EA695 /* Products */ = {
			isa = PBXGroup;
			children = (
				043C5BE423A3968D005EA695 /* TestAppForGit.app */,
				043C5BFB23A3968F005EA695 /* TestAppForGitTests.xctest */,
				043C5C0623A3968F005EA695 /* TestAppForGitUITests.xctest */,
			);
			name = Products;
			sourceTree = "<group>";
		};
		043C5BE623A3968D005EA695 /* TestAppForGit */ = {
			isa = PBXGroup;
			children = (
				043C5BE723A3968D005EA695 /* AppDelegate.swift */,
				043C5BE923A3968D005EA695 /* ViewController.swift */,
				043C5BEB23A3968D005EA695 /* Main.storyboard */,
				043C5BF123A3968F005EA695 /* Assets.xcassets */,
				043C5BF323A3968F005EA695 /* LaunchScreen.storyboard */,
				043C5BF623A3968F005EA695 /* Info.plist */,
				043C5BEE23A3968D005EA695 /* TestAppForGit.xcdatamodeld */,
			);
			path = TestAppForGit;
			sourceTree = "<group>";
		};
		043C5BFE23A3968F005EA695 /* TestAppForGitTests */ = {
			isa = PBXGroup;
			children = (
				043C5BFF23A3968F005EA695 /* TestAppForGitTests.swift */,
				043C5C0123A3968F005EA695 /* Info.plist */,
			);
			path = TestAppForGitTests;
			sourceTree = "<group>";
		};
		043C5C0923A3968F005EA695 /* TestAppForGitUITests */ = {
			isa = PBXGroup;
			children = (
				043C5C0A23A3968F005EA695 /* TestAppForGitUITests.swift */,
				043C5C0C23A3968F005EA695 /* Info.plist */,
			);
			path = TestAppForGitUITests;
			sourceTree = "<group>";
		};
/* End PBXGroup section */

/* Begin PBXNativeTarget section */
		043C5BE323A3968D005EA695 /* TestAppForGit */ = {
			isa = PBXNativeTarget;
			buildConfigurationList = 043C5C0F23A3968F005EA695 /* Build configuration list for PBXNativeTarget "TestAppForGit" */;
			buildPhases = (
				043C5BE023A3968D005EA695 /* Sources */,
				043C5BE123A3968D005EA695 /* Frameworks */,
				043C5BE223A3968D005EA695 /* Resources */,
			);
			buildRules = (
			);
			dependencies = (
			);
			name = TestAppForGit;
			productName = TestAppForGit;
			productReference = 043C5BE423A3968D005EA695 /* TestAppForGit.app */;
			productType = "com.apple.product-type.application";
		};
		043C5BFA23A3968F005EA695 /* TestAppForGitTests */ = {
			isa = PBXNativeTarget;
			buildConfigurationList = 043C5C1223A3968F005EA695 /* Build configuration list for PBXNativeTarget "TestAppForGitTests" */;
			buildPhases = (
				043C5BF723A3968F005EA695 /* Sources */,
				043C5BF823A3968F005EA695 /* Frameworks */,
				043C5BF923A3968F005EA695 /* Resources */,
			);
			buildRules = (
			);
			dependencies = (
				043C5BFD23A3968F005EA695 /* PBXTargetDependency */,
			);
			name = TestAppForGitTests;
			productName = TestAppForGitTests;
			productReference = 043C5BFB23A3968F005EA695 /* TestAppForGitTests.xctest */;
			productType = "com.apple.product-type.bundle.unit-test";
		};
		043C5C0523A3968F005EA695 /* TestAppForGitUITests */ = {
			isa = PBXNativeTarget;
			buildConfigurationList = 043C5C1523A3968F005EA695 /* Build configuration list for PBXNativeTarget "TestAppForGitUITests" */;
			buildPhases = (
				043C5C0223A3968F005EA695 /* Sources */,
				043C5C0323A3968F005EA695 /* Frameworks */,
				043C5C0423A3968F005EA695 /* Resources */,
			);
			buildRules = (
			);
			dependencies = (
				043C5C0823A3968F005EA695 /* PBXTargetDependency */,
			);
			name = TestAppForGitUITests;
			productName = TestAppForGitUITests;
			productReference = 043C5C0623A3968F005EA695 /* TestAppForGitUITests.xctest */;
			productType = "com.apple.product-type.bundle.ui-testing";
		};
/* End PBXNativeTarget section */

/* Begin PBXProject section */
		043C5BDC23A3968D005EA695 /* Project object */ = {
			isa = PBXProject;
			attributes = {
				LastSwiftUpdateCheck = 1010;
				LastUpgradeCheck = 1010;
				ORGANIZATIONNAME = Mac;
				TargetAttributes = {
					043C5BE323A3968D005EA695 = {
						CreatedOnToolsVersion = 10.1;
					};
					043C5BFA23A3968F005EA695 = {
						CreatedOnToolsVersion = 10.1;
						TestTargetID = 043C5BE323A3968D005EA695;
					};
					043C5C0523A3968F005EA695 = {
						CreatedOnToolsVersion = 10.1;
						TestTargetID = 043C5BE323A3968D005EA695;
					};
				};
			};
			buildConfigurationList = 043C5BDF23A3968D005EA695 /* Build configuration list for PBXProject "TestAppForGit" */;
			compatibilityVersion = "Xcode 9.3";
			developmentRegion = en;
			hasScannedForEncodings = 0;
			knownRegions = (
				en,
				Base,
			);
			mainGroup = 043C5BDB23A3968D005EA695;
			productRefGroup = 043C5BE523A3968D005EA695 /* Products */;
			projectDirPath = "";
			projectRoot = "";
			targets = (
				043C5BE323A3968D005EA695 /* TestAppForGit */,
				043C5BFA23A3968F005EA695 /* TestAppForGitTests */,
				043C5C0523A3968F005EA695 /* TestAppForGitUITests */,
			);
		};
/* End PBXProject section */

/* Begin PBXResourcesBuildPhase section */
		043C5BE223A3968D005EA695 /* Resources */ = {
			isa = PBXResourcesBuildPhase;
			buildActionMask = 2147483647;
			files = (
				043C5BF523A3968F005EA695 /* LaunchScreen.storyboard in Resources */,
				043C5BF223A3968F005EA695 /* Assets.xcassets in Resources */,
				043C5BED23A3968D005EA695 /* Main.storyboard in Resources */,
			);
			runOnlyForDeploymentPostprocessing = 0;
		};
		043C5BF923A3968F005EA695 /* Resources */ = {
			isa = PBXResourcesBuildPhase;
			buildActionMask = 2147483647;
			files = (
			);
			runOnlyForDeploymentPostprocessing = 0;
		};
		043C5C0423A3968F005EA695 /* Resources */ = {
			isa = PBXResourcesBuildPhase;
			buildActionMask = 2147483647;
			files = (
			);
			runOnlyForDeploymentPostprocessing = 0;
		};
/* End PBXResourcesBuildPhase section */

/* Begin PBXSourcesBuildPhase section */
		043C5BE023A3968D005EA695 /* Sources */ = {
			isa = PBXSourcesBuildPhase;
			buildActionMask = 2147483647;
			files = (
				043C5BF023A3968D005EA695 /* TestAppForGit.xcdatamodeld in Sources */,
				043C5BEA23A3968D005EA695 /* ViewController.swift in Sources */,
				043C5BE823A3968D005EA695 /* AppDelegate.swift in Sources */,
			);
			runOnlyForDeploymentPostprocessing = 0;
		};
		043C5BF723A3968F005EA695 /* Sources */ = {
			isa = PBXSourcesBuildPhase;
			buildActionMask = 2147483647;
			files = (
				043C5C0023A3968F005EA695 /* TestAppForGitTests.swift in Sources */,
			);
			runOnlyForDeploymentPostprocessing = 0;
		};
		043C5C0223A3968F005EA695 /* Sources */ = {
			isa = PBXSourcesBuildPhase;
			buildActionMask = 2147483647;
			files = (
				043C5C0B23A3968F005EA695 /* TestAppForGitUITests.swift in Sources */,
			);
			runOnlyForDeploymentPostprocessing = 0;
		};
/* End PBXSourcesBuildPhase section */

/* Begin PBXTargetDependency section */
		043C5BFD23A3968F005EA695 /* PBXTargetDependency */ = {
			isa = PBXTargetDependency;
			target = 043C5BE323A3968D005EA695 /* TestAppForGit */;
			targetProxy = 043C5BFC23A3968F005EA695 /* PBXContainerItemProxy */;
		};
		043C5C0823A3968F005EA695 /* PBXTargetDependency */ = {
			isa = PBXTargetDependency;
			target = 043C5BE323A3968D005EA695 /* TestAppForGit */;
			targetProxy = 043C5C0723A3968F005EA695 /* PBXContainerItemProxy */;
		};
/* End PBXTargetDependency section */

/* Begin PBXVariantGroup section */
		043C5BEB23A3968D005EA695 /* Main.storyboard */ = {
			isa = PBXVariantGroup;
			children = (
				043C5BEC23A3968D005EA695 /* Base */,
			);
			name = Main.storyboard;
			sourceTree = "<group>";
		};
		043C5BF323A3968F005EA695 /* LaunchScreen.storyboard */ = {
			isa = PBXVariantGroup;
			children = (
				043C5BF423A3968F005EA695 /* Base */,
			);
			name = LaunchScreen.storyboard;
			sourceTree = "<group>";
		};
/* End PBXVariantGroup section */

/* Begin XCBuildConfiguration section */
		043C5C0D23A3968F005EA695 /* Debug */ = {
			isa = XCBuildConfiguration;
			buildSettings = {
				ALWAYS_SEARCH_USER_PATHS = NO;
				CLANG_ANALYZER_NONNULL = YES;
				CLANG_ANALYZER_NUMBER_OBJECT_CONVERSION = YES_AGGRESSIVE;
				CLANG_CXX_LANGUAGE_STANDARD = "gnu++14";
				CLANG_CXX_LIBRARY = "libc++";
				CLANG_ENABLE_MODULES = YES;
				CLANG_ENABLE_OBJC_ARC = YES;
				CLANG_ENABLE_OBJC_WEAK = YES;
				CLANG_WARN_BLOCK_CAPTURE_AUTORELEASING = YES;
				CLANG_WARN_BOOL_CONVERSION = YES;
				CLANG_WARN_COMMA = YES;
				CLANG_WARN_CONSTANT_CONVERSION = YES;
				CLANG_WARN_DEPRECATED_OBJC_IMPLEMENTATIONS = YES;
				CLANG_WARN_DIRECT_OBJC_ISA_USAGE = YES_ERROR;
				CLANG_WARN_DOCUMENTATION_COMMENTS = YES;
				CLANG_WARN_EMPTY_BODY = YES;
				CLANG_WARN_ENUM_CONVERSION = YES;
				CLANG_WARN_INFINITE_RECURSION = YES;
				CLANG_WARN_INT_CONVERSION = YES;
				CLANG_WARN_NON_LITERAL_NULL_CONVERSION = YES;
				CLANG_WARN_OBJC_IMPLICIT_RETAIN_SELF = YES;
				CLANG_WARN_OBJC_LITERAL_CONVERSION = YES;
				CLANG_WARN_OBJC_ROOT_CLASS = YES_ERROR;
				CLANG_WARN_RANGE_LOOP_ANALYSIS = YES;
				CLANG_WARN_STRICT_PROTOTYPES = YES;
				CLANG_WARN_SUSPICIOUS_MOVE = YES;
				CLANG_WARN_UNGUARDED_AVAILABILITY = YES_AGGRESSIVE;
				CLANG_WARN_UNREACHABLE_CODE = YES;
				CLANG_WARN__DUPLICATE_METHOD_MATCH = YES;
				CODE_SIGN_IDENTITY = "iPhone Developer";
				COPY_PHASE_STRIP = NO;
				DEBUG_INFORMATION_FORMAT = dwarf;
				ENABLE_STRICT_OBJC_MSGSEND = YES;
				ENABLE_TESTABILITY = YES;
				GCC_C_LANGUAGE_STANDARD = gnu11;
				GCC_DYNAMIC_NO_PIC = NO;
				GCC_NO_COMMON_BLOCKS = YES;
				GCC_OPTIMIZATION_LEVEL = 0;
				GCC_PREPROCESSOR_DEFINITIONS = (
					"DEBUG=1",
					"$(inherited)",
				);
				GCC_WARN_64_TO_32_BIT_CONVERSION = YES;
				GCC_WARN_ABOUT_RETURN_TYPE = YES_ERROR;
				GCC_WARN_UNDECLARED_SELECTOR = YES;
				GCC_WARN_UNINITIALIZED_AUTOS = YES_AGGRESSIVE;
				GCC_WARN_UNUSED_FUNCTION = YES;
				GCC_WARN_UNUSED_VARIABLE = YES;
				IPHONEOS_DEPLOYMENT_TARGET = 12.1;
				MTL_ENABLE_DEBUG_INFO = INCLUDE_SOURCE;
				MTL_FAST_MATH = YES;
				ONLY_ACTIVE_ARCH = YES;
				SDKROOT = iphoneos;
				SWIFT_ACTIVE_COMPILATION_CONDITIONS = DEBUG;
				SWIFT_OPTIMIZATION_LEVEL = "-Onone";
			};
			name = Debug;
		};
		043C5C0E23A3968F005EA695 /* Release */ = {
			isa = XCBuildConfiguration;
			buildSettings = {
				ALWAYS_SEARCH_USER_PATHS = NO;
				CLANG_ANALYZER_NONNULL = YES;
				CLANG_ANALYZER_NUMBER_OBJECT_CONVERSION = YES_AGGRESSIVE;
				CLANG_CXX_LANGUAGE_STANDARD = "gnu++14";
				CLANG_CXX_LIBRARY = "libc++";
				CLANG_ENABLE_MODULES = YES;
				CLANG_ENABLE_OBJC_ARC = YES;
				CLANG_ENABLE_OBJC_WEAK = YES;
				CLANG_WARN_BLOCK_CAPTURE_AUTORELEASING = YES;
				CLANG_WARN_BOOL_CONVERSION = YES;
				CLANG_WARN_COMMA = YES;
				CLANG_WARN_CONSTANT_CONVERSION = YES;
				CLANG_WARN_DEPRECATED_OBJC_IMPLEMENTATIONS = YES;
				CLANG_WARN_DIRECT_OBJC_ISA_USAGE = YES_ERROR;
				CLANG_WARN_DOCUMENTATION_COMMENTS = YES;
				CLANG_WARN_EMPTY_BODY = YES;
				CLANG_WARN_ENUM_CONVERSION = YES;
				CLANG_WARN_INFINITE_RECURSION = YES;
				CLANG_WARN_INT_CONVERSION = YES;
				CLANG_WARN_NON_LITERAL_NULL_CONVERSION = YES;
				CLANG_WARN_OBJC_IMPLICIT_RETAIN_SELF = YES;
				CLANG_WARN_OBJC_LITERAL_CONVERSION = YES;
				CLANG_WARN_OBJC_ROOT_CLASS = YES_ERROR;
				CLANG_WARN_RANGE_LOOP_ANALYSIS = YES;
				CLANG_WARN_STRICT_PROTOTYPES = YES;
				CLANG_WARN_SUSPICIOUS_MOVE = YES;
				CLANG_WARN_UNGUARDED_AVAILABILITY = YES_AGGRESSIVE;
				CLANG_WARN_UNREACHABLE_CODE = YES;
				CLANG_WARN__DUPLICATE_METHOD_MATCH = YES;
				CODE_SIGN_IDENTITY = "iPhone Developer";
				COPY_PHASE_STRIP = NO;
				DEBUG_INFORMATION_FORMAT = "dwarf-with-dsym";
				ENABLE_NS_ASSERTIONS = NO;
				ENABLE_STRICT_OBJC_MSGSEND = YES;
				GCC_C_LANGUAGE_STANDARD = gnu11;
				GCC_NO_COMMON_BLOCKS = YES;
				GCC_WARN_64_TO_32_BIT_CONVERSION = YES;
				GCC_WARN_ABOUT_RETURN_TYPE = YES_ERROR;
				GCC_WARN_UNDECLARED_SELECTOR = YES;
				GCC_WARN_UNINITIALIZED_AUTOS = YES_AGGRESSIVE;
				GCC_WARN_UNUSED_FUNCTION = YES;
				GCC_WARN_UNUSED_VARIABLE = YES;
				IPHONEOS_DEPLOYMENT_TARGET = 12.1;
				MTL_ENABLE_DEBUG_INFO = NO;
				MTL_FAST_MATH = YES;
				SDKROOT = iphoneos;
				SWIFT_COMPILATION_MODE = wholemodule;
				SWIFT_OPTIMIZATION_LEVEL = "-O";
				VALIDATE_PRODUCT = YES;
			};
			name = Release;
		};
		043C5C1023A3968F005EA695 /* Debug */ = {
			isa = XCBuildConfiguration;
			buildSettings = {
				ASSETCATALOG_COMPILER_APPICON_NAME = AppIcon;
				CODE_SIGN_STYLE = Automatic;
				INFOPLIST_FILE = TestAppForGit/Info.plist;
				LD_RUNPATH_SEARCH_PATHS = (
					"$(inherited)",
					"@executable_path/Frameworks",
				);
				PRODUCT_BUNDLE_IDENTIFIER = com.sapphire.TestAppForGit;
				PRODUCT_NAME = "$(TARGET_NAME)";
				SWIFT_VERSION = 4.2;
				TARGETED_DEVICE_FAMILY = "1,2";
			};
			name = Debug;
		};
		043C5C1123A3968F005EA695 /* Release */ = {
			isa = XCBuildConfiguration;
			buildSettings = {
				ASSETCATALOG_COMPILER_APPICON_NAME = AppIcon;
				CODE_SIGN_STYLE = Automatic;
				INFOPLIST_FILE = TestAppForGit/Info.plist;
				LD_RUNPATH_SEARCH_PATHS = (
					"$(inherited)",
					"@executable_path/Frameworks",
				);
				PRODUCT_BUNDLE_IDENTIFIER = com.sapphire.TestAppForGit;
				PRODUCT_NAME = "$(TARGET_NAME)";
				SWIFT_VERSION = 4.2;
				TARGETED_DEVICE_FAMILY = "1,2";
			};
			name = Release;
		};
		043C5C1323A3968F005EA695 /* Debug */ = {
			isa = XCBuildConfiguration;
			buildSettings = {
				ALWAYS_EMBED_SWIFT_STANDARD_LIBRARIES = YES;
				BUNDLE_LOADER = "$(TEST_HOST)";
				CODE_SIGN_STYLE = Automatic;
				INFOPLIST_FILE = TestAppForGitTests/Info.plist;
				LD_RUNPATH_SEARCH_PATHS = (
					"$(inherited)",
					"@executable_path/Frameworks",
					"@loader_path/Frameworks",
				);
				PRODUCT_BUNDLE_IDENTIFIER = com.sapphire.TestAppForGitTests;
				PRODUCT_NAME = "$(TARGET_NAME)";
				SWIFT_VERSION = 4.2;
				TARGETED_DEVICE_FAMILY = "1,2";
				TEST_HOST = "$(BUILT_PRODUCTS_DIR)/TestAppForGit.app/TestAppForGit";
			};
			name = Debug;
		};
		043C5C1423A3968F005EA695 /* Release */ = {
			isa = XCBuildConfiguration;
			buildSettings = {
				ALWAYS_EMBED_SWIFT_STANDARD_LIBRARIES = YES;
				BUNDLE_LOADER = "$(TEST_HOST)";
				CODE_SIGN_STYLE = Automatic;
				INFOPLIST_FILE = TestAppForGitTests/Info.plist;
				LD_RUNPATH_SEARCH_PATHS = (
					"$(inherited)",
					"@executable_path/Frameworks",
					"@loader_path/Frameworks",
				);
				PRODUCT_BUNDLE_IDENTIFIER = com.sapphire.TestAppForGitTests;
				PRODUCT_NAME = "$(TARGET_NAME)";
				SWIFT_VERSION = 4.2;
				TARGETED_DEVICE_FAMILY = "1,2";
				TEST_HOST = "$(BUILT_PRODUCTS_DIR)/TestAppForGit.app/TestAppForGit";
			};
			name = Release;
		};
		043C5C1623A3968F005EA695 /* Debug */ = {
			isa = XCBuildConfiguration;
			buildSettings = {
				ALWAYS_EMBED_SWIFT_STANDARD_LIBRARIES = YES;
				CODE_SIGN_STYLE = Automatic;
				INFOPLIST_FILE = TestAppForGitUITests/Info.plist;
				LD_RUNPATH_SEARCH_PATHS = (
					"$(inherited)",
					"@executable_path/Frameworks",
					"@loader_path/Frameworks",
				);
				PRODUCT_BUNDLE_IDENTIFIER = com.sapphire.TestAppForGitUITests;
				PRODUCT_NAME = "$(TARGET_NAME)";
				SWIFT_VERSION = 4.2;
				TARGETED_DEVICE_FAMILY = "1,2";
				TEST_TARGET_NAME = TestAppForGit;
			};
			name = Debug;
		};
		043C5C1723A3968F005EA695 /* Release */ = {
			isa = XCBuildConfiguration;
			buildSettings = {
				ALWAYS_EMBED_SWIFT_STANDARD_LIBRARIES = YES;
				CODE_SIGN_STYLE = Automatic;
				INFOPLIST_FILE = TestAppForGitUITests/Info.plist;
				LD_RUNPATH_SEARCH_PATHS = (
					"$(inherited)",
					"@executable_path/Frameworks",
					"@loader_path/Frameworks",
				);
				PRODUCT_BUNDLE_IDENTIFIER = com.sapphire.TestAppForGitUITests;
				PRODUCT_NAME = "$(TARGET_NAME)";
				SWIFT_VERSION = 4.2;
				TARGETED_DEVICE_FAMILY = "1,2";
				TEST_TARGET_NAME = TestAppForGit;
			};
			name = Release;
		};
/* End XCBuildConfiguration section */

/* Begin XCConfigurationList section */
		043C5BDF23A3968D005EA695 /* Build configuration list for PBXProject "TestAppForGit" */ = {
			isa = XCConfigurationList;
			buildConfigurations = (
				043C5C0D23A3968F005EA695 /* Debug */,
				043C5C0E23A3968F005EA695 /* Release */,
			);
			defaultConfigurationIsVisible = 0;
			defaultConfigurationName = Release;
		};
		043C5C0F23A3968F005EA695 /* Build configuration list for PBXNativeTarget "TestAppForGit" */ = {
			isa = XCConfigurationList;
			buildConfigurations = (
				043C5C1023A3968F005EA695 /* Debug */,
				043C5C1123A3968F005EA695 /* Release */,
			);
			defaultConfigurationIsVisible = 0;
			defaultConfigurationName = Release;
		};
		043C5C1223A3968F005EA695 /* Build configuration list for PBXNativeTarget "TestAppForGitTests" */ = {
			isa = XCConfigurationList;
			buildConfigurations = (
				043C5C1323A3968F005EA695 /* Debug */,
				043C5C1423A3968F005EA695 /* Release */,
			);
			defaultConfigurationIsVisible = 0;
			defaultConfigurationName = Release;
		};
		043C5C1523A3968F005EA695 /* Build configuration list for PBXNativeTarget "TestAppForGitUITests" */ = {
			isa = XCConfigurationList;
			buildConfigurations = (
				043C5C1623A3968F005EA695 /* Debug */,
				043C5C1723A3968F005EA695 /* Release */,
			);
			defaultConfigurationIsVisible = 0;
			defaultConfigurationName = Release;
		};
/* End XCConfigurationList section */

/* Begin XCVersionGroup section */
		043C5BEE23A3968D005EA695 /* TestAppForGit.xcdatamodeld */ = {
			isa = XCVersionGroup;
			children = (
				043C5BEF23A3968D005EA695 /* TestAppForGit.xcdatamodel */,
			);
			currentVersion = 043C5BEF23A3968D005EA695 /* TestAppForGit.xcdatamodel */;
			path = TestAppForGit.xcdatamodeld;
			sourceTree = "<group>";
			versionGroupType = wrapper.xcdatamodel;
		};
/* End XCVersionGroup section */
	};
	rootObject = 043C5BDC23A3968D005EA695 /* Project object */;
}
